// !$*UTF8*$!
{
	archiveVersion = 1;
	classes = {
	};
	objectVersion = 48;
	objects = {

/* Begin PBXBuildFile section */
		210A668A7DCD7CB9EE32BD58 /* Pods___UI_____.framework in Frameworks */ = {isa = PBXBuildFile; fileRef = EEA05CA65B7DDD8FDD96E236 /* Pods___UI_____.framework */; };
		F7F7CCE41FC7AC6C00826C39 /* AppDelegate.swift in Sources */ = {isa = PBXBuildFile; fileRef = F7F7CCE31FC7AC6C00826C39 /* AppDelegate.swift */; };
		F7F7CCE61FC7AC6C00826C39 /* ViewController.swift in Sources */ = {isa = PBXBuildFile; fileRef = F7F7CCE51FC7AC6C00826C39 /* ViewController.swift */; };
		F7F7CCE91FC7AC6C00826C39 /* Main.storyboard in Resources */ = {isa = PBXBuildFile; fileRef = F7F7CCE71FC7AC6C00826C39 /* Main.storyboard */; };
		F7F7CCEB1FC7AC6C00826C39 /* Assets.xcassets in Resources */ = {isa = PBXBuildFile; fileRef = F7F7CCEA1FC7AC6C00826C39 /* Assets.xcassets */; };
		F7F7CCEE1FC7AC6C00826C39 /* LaunchScreen.storyboard in Resources */ = {isa = PBXBuildFile; fileRef = F7F7CCEC1FC7AC6C00826C39 /* LaunchScreen.storyboard */; };
		F7F7CCF61FC7B63D00826C39 /* Operators.swift in Sources */ = {isa = PBXBuildFile; fileRef = F7F7CCF51FC7B63D00826C39 /* Operators.swift */; };
/* End PBXBuildFile section */

/* Begin PBXFileReference section */
		5CCBA36F17B47EF8254082DB /* Pods-基本UI控件的使用.release.xcconfig */ = {isa = PBXFileReference; includeInIndex = 1; lastKnownFileType = text.xcconfig; name = "Pods-基本UI控件的使用.release.xcconfig"; path = "Pods/Target Support Files/Pods-基本UI控件的使用/Pods-基本UI控件的使用.release.xcconfig"; sourceTree = "<group>"; };
		CA9CDF21F5423AF01DA2144F /* Pods-基本UI控件的使用.debug.xcconfig */ = {isa = PBXFileReference; includeInIndex = 1; lastKnownFileType = text.xcconfig; name = "Pods-基本UI控件的使用.debug.xcconfig"; path = "Pods/Target Support Files/Pods-基本UI控件的使用/Pods-基本UI控件的使用.debug.xcconfig"; sourceTree = "<group>"; };
		EEA05CA65B7DDD8FDD96E236 /* Pods___UI_____.framework */ = {isa = PBXFileReference; explicitFileType = wrapper.framework; includeInIndex = 0; path = "Pods___UI_____.framework"; sourceTree = BUILT_PRODUCTS_DIR; };
		F7F7CCE01FC7AC6C00826C39 /* 基本UI控件的使用.app */ = {isa = PBXFileReference; explicitFileType = wrapper.application; includeInIndex = 0; path = "基本UI控件的使用.app"; sourceTree = BUILT_PRODUCTS_DIR; };
		F7F7CCE31FC7AC6C00826C39 /* AppDelegate.swift */ = {isa = PBXFileReference; lastKnownFileType = sourcecode.swift; path = AppDelegate.swift; sourceTree = "<group>"; };
		F7F7CCE51FC7AC6C00826C39 /* ViewController.swift */ = {isa = PBXFileReference; lastKnownFileType = sourcecode.swift; path = ViewController.swift; sourceTree = "<group>"; };
		F7F7CCE81FC7AC6C00826C39 /* Base */ = {isa = PBXFileReference; lastKnownFileType = file.storyboard; name = Base; path = Base.lproj/Main.storyboard; sourceTree = "<group>"; };
		F7F7CCEA1FC7AC6C00826C39 /* Assets.xcassets */ = {isa = PBXFileReference; lastKnownFileType = folder.assetcatalog; path = Assets.xcassets; sourceTree = "<group>"; };
		F7F7CCED1FC7AC6C00826C39 /* Base */ = {isa = PBXFileReference; lastKnownFileType = file.storyboard; name = Base; path = Base.lproj/LaunchScreen.storyboard; sourceTree = "<group>"; };
		F7F7CCEF1FC7AC6C00826C39 /* Info.plist */ = {isa = PBXFileReference; lastKnownFileType = text.plist.xml; path = Info.plist; sourceTree = "<group>"; };
		F7F7CCF51FC7B63D00826C39 /* Operators.swift */ = {isa = PBXFileReference; fileEncoding = 4; lastKnownFileType = sourcecode.swift; path = Operators.swift; sourceTree = "<group>"; };
/* End PBXFileReference section */

/* Begin PBXFrameworksBuildPhase section */
		F7F7CCDD1FC7AC6C00826C39 /* Frameworks */ = {
			isa = PBXFrameworksBuildPhase;
			buildActionMask = 2147483647;
			files = (
				210A668A7DCD7CB9EE32BD58 /* Pods___UI_____.framework in Frameworks */,
			);
			runOnlyForDeploymentPostprocessing = 0;
		};
/* End PBXFrameworksBuildPhase section */

/* Begin PBXGroup section */
		8EED1BA75D583A62920522D9 /* Frameworks */ = {
			isa = PBXGroup;
			children = (
				EEA05CA65B7DDD8FDD96E236 /* Pods___UI_____.framework */,
			);
			name = Frameworks;
			sourceTree = "<group>";
		};
		B0A7F0A0ADD9F810E9BDC9F0 /* Pods */ = {
			isa = PBXGroup;
			children = (
				CA9CDF21F5423AF01DA2144F /* Pods-基本UI控件的使用.debug.xcconfig */,
				5CCBA36F17B47EF8254082DB /* Pods-基本UI控件的使用.release.xcconfig */,
			);
			name = Pods;
			sourceTree = "<group>";
		};
		F7F7CCD71FC7AC6C00826C39 = {
			isa = PBXGroup;
			children = (
				F7F7CCE21FC7AC6C00826C39 /* 基本UI控件的使用 */,
				F7F7CCE11FC7AC6C00826C39 /* Products */,
				B0A7F0A0ADD9F810E9BDC9F0 /* Pods */,
				8EED1BA75D583A62920522D9 /* Frameworks */,
			);
			sourceTree = "<group>";
		};
		F7F7CCE11FC7AC6C00826C39 /* Products */ = {
			isa = PBXGroup;
			children = (
				F7F7CCE01FC7AC6C00826C39 /* 基本UI控件的使用.app */,
			);
			name = Products;
			sourceTree = "<group>";
		};
		F7F7CCE21FC7AC6C00826C39 /* 基本UI控件的使用 */ = {
			isa = PBXGroup;
			children = (
				F7F7CCF51FC7B63D00826C39 /* Operators.swift */,
				F7F7CCE31FC7AC6C00826C39 /* AppDelegate.swift */,
				F7F7CCE51FC7AC6C00826C39 /* ViewController.swift */,
				F7F7CCE71FC7AC6C00826C39 /* Main.storyboard */,
				F7F7CCEA1FC7AC6C00826C39 /* Assets.xcassets */,
				F7F7CCEC1FC7AC6C00826C39 /* LaunchScreen.storyboard */,
				F7F7CCEF1FC7AC6C00826C39 /* Info.plist */,
			);
			path = "基本UI控件的使用";
			sourceTree = "<group>";
		};
/* End PBXGroup section */

/* Begin PBXNativeTarget section */
		F7F7CCDF1FC7AC6C00826C39 /* 基本UI控件的使用 */ = {
			isa = PBXNativeTarget;
			buildConfigurationList = F7F7CCF21FC7AC6C00826C39 /* Build configuration list for PBXNativeTarget "基本UI控件的使用" */;
			buildPhases = (
				6D33083B5D8896B15BB3BE06 /* [CP] Check Pods Manifest.lock */,
				F7F7CCDC1FC7AC6C00826C39 /* Sources */,
				F7F7CCDD1FC7AC6C00826C39 /* Frameworks */,
				F7F7CCDE1FC7AC6C00826C39 /* Resources */,
				D982F2F55277F78B08588B7F /* [CP] Embed Pods Frameworks */,
				0998244C74D300F469319476 /* [CP] Copy Pods Resources */,
			);
			buildRules = (
			);
			dependencies = (
			);
			name = "基本UI控件的使用";
			productName = "基本UI控件的使用";
			productReference = F7F7CCE01FC7AC6C00826C39 /* 基本UI控件的使用.app */;
			productType = "com.apple.product-type.application";
		};
/* End PBXNativeTarget section */

/* Begin PBXProject section */
		F7F7CCD81FC7AC6C00826C39 /* Project object */ = {
			isa = PBXProject;
			attributes = {
				LastSwiftUpdateCheck = 0910;
				LastUpgradeCheck = 0910;
				ORGANIZATIONNAME = leo;
				TargetAttributes = {
					F7F7CCDF1FC7AC6C00826C39 = {
						CreatedOnToolsVersion = 9.1;
						ProvisioningStyle = Automatic;
					};
				};
			};
			buildConfigurationList = F7F7CCDB1FC7AC6C00826C39 /* Build configuration list for PBXProject "基本UI控件的使用" */;
			compatibilityVersion = "Xcode 8.0";
			developmentRegion = en;
			hasScannedForEncodings = 0;
			knownRegions = (
				en,
				Base,
			);
			mainGroup = F7F7CCD71FC7AC6C00826C39;
			productRefGroup = F7F7CCE11FC7AC6C00826C39 /* Products */;
			projectDirPath = "";
			projectRoot = "";
			targets = (
				F7F7CCDF1FC7AC6C00826C39 /* 基本UI控件的使用 */,
			);
		};
/* End PBXProject section */

/* Begin PBXResourcesBuildPhase section */
		F7F7CCDE1FC7AC6C00826C39 /* Resources */ = {
			isa = PBXResourcesBuildPhase;
			buildActionMask = 2147483647;
			files = (
				F7F7CCEE1FC7AC6C00826C39 /* LaunchScreen.storyboard in Resources */,
				F7F7CCEB1FC7AC6C00826C39 /* Assets.xcassets in Resources */,
				F7F7CCE91FC7AC6C00826C39 /* Main.storyboard in Resources */,
			);
			runOnlyForDeploymentPostprocessing = 0;
		};
/* End PBXResourcesBuildPhase section */

/* Begin PBXShellScriptBuildPhase section */
		0998244C74D300F469319476 /* [CP] Copy Pods Resources */ = {
			isa = PBXShellScriptBuildPhase;
			buildActionMask = 2147483647;
			files = (
			);
			inputPaths = (
			);
			name = "[CP] Copy Pods Resources";
			outputPaths = (
			);
			runOnlyForDeploymentPostprocessing = 0;
			shellPath = /bin/sh;
			shellScript = "\"${SRCROOT}/Pods/Target Support Files/Pods-基本UI控件的使用/Pods-基本UI控件的使用-resources.sh\"\n";
			showEnvVarsInLog = 0;
		};
		6D33083B5D8896B15BB3BE06 /* [CP] Check Pods Manifest.lock */ = {
			isa = PBXShellScriptBuildPhase;
			buildActionMask = 2147483647;
			files = (
			);
			inputPaths = (
				"${PODS_PODFILE_DIR_PATH}/Podfile.lock",
				"${PODS_ROOT}/Manifest.lock",
			);
			name = "[CP] Check Pods Manifest.lock";
			outputPaths = (
				"$(DERIVED_FILE_DIR)/Pods-基本UI控件的使用-checkManifestLockResult.txt",
			);
			runOnlyForDeploymentPostprocessing = 0;
			shellPath = /bin/sh;
			shellScript = "diff \"${PODS_PODFILE_DIR_PATH}/Podfile.lock\" \"${PODS_ROOT}/Manifest.lock\" > /dev/null\nif [ $? != 0 ] ; then\n    # print error to STDERR\n    echo \"error: The sandbox is not in sync with the Podfile.lock. Run 'pod install' or update your CocoaPods installation.\" >&2\n    exit 1\nfi\n# This output is used by Xcode 'outputs' to avoid re-running this script phase.\necho \"SUCCESS\" > \"${SCRIPT_OUTPUT_FILE_0}\"\n";
			showEnvVarsInLog = 0;
		};
		D982F2F55277F78B08588B7F /* [CP] Embed Pods Frameworks */ = {
			isa = PBXShellScriptBuildPhase;
			buildActionMask = 2147483647;
			files = (
			);
			inputPaths = (
				"${SRCROOT}/Pods/Target Support Files/Pods-基本UI控件的使用/Pods-基本UI控件的使用-frameworks.sh",
				"${BUILT_PRODUCTS_DIR}/RxCocoa/RxCocoa.framework",
				"${BUILT_PRODUCTS_DIR}/RxSwift/RxSwift.framework",
			);
			name = "[CP] Embed Pods Frameworks";
			outputPaths = (
				"${TARGET_BUILD_DIR}/${FRAMEWORKS_FOLDER_PATH}/RxCocoa.framework",
				"${TARGET_BUILD_DIR}/${FRAMEWORKS_FOLDER_PATH}/RxSwift.framework",
			);
			runOnlyForDeploymentPostprocessing = 0;
			shellPath = /bin/sh;
			shellScript = "\"${SRCROOT}/Pods/Target Support Files/Pods-基本UI控件的使用/Pods-基本UI控件的使用-frameworks.sh\"\n";
			showEnvVarsInLog = 0;
		};
/* End PBXShellScriptBuildPhase section */

/* Begin PBXSourcesBuildPhase section */
		F7F7CCDC1FC7AC6C00826C39 /* Sources */ = {
			isa = PBXSourcesBuildPhase;
			buildActionMask = 2147483647;
			files = (
				F7F7CCE61FC7AC6C00826C39 /* ViewController.swift in Sources */,
				F7F7CCE41FC7AC6C00826C39 /* AppDelegate.swift in Sources */,
				F7F7CCF61FC7B63D00826C39 /* Operators.swift in Sources */,
			);
			runOnlyForDeploymentPostprocessing = 0;
		};
/* End PBXSourcesBuildPhase section */

/* Begin PBXVariantGroup section */
		F7F7CCE71FC7AC6C00826C39 /* Main.storyboard */ = {
			isa = PBXVariantGroup;
			children = (
				F7F7CCE81FC7AC6C00826C39 /* Base */,
			);
			name = Main.storyboard;
			sourceTree = "<group>";
		};
		F7F7CCEC1FC7AC6C00826C39 /* LaunchScreen.storyboard */ = {
			isa = PBXVariantGroup;
			children = (
				F7F7CCED1FC7AC6C00826C39 /* Base */,
			);
			name = LaunchScreen.storyboard;
			sourceTree = "<group>";
		};
/* End PBXVariantGroup section */

/* Begin XCBuildConfiguration section */
		F7F7CCF01FC7AC6C00826C39 /* Debug */ = {
			isa = XCBuildConfiguration;
			buildSettings = {
				ALWAYS_SEARCH_USER_PATHS = NO;
				CLANG_ANALYZER_NONNULL = YES;
				CLANG_ANALYZER_NUMBER_OBJECT_CONVERSION = YES_AGGRESSIVE;
				CLANG_CXX_LANGUAGE_STANDARD = "gnu++14";
				CLANG_CXX_LIBRARY = "libc++";
				CLANG_ENABLE_MODULES = YES;
				CLANG_ENABLE_OBJC_ARC = YES;
				CLANG_WARN_BLOCK_CAPTURE_AUTORELEASING = YES;
				CLANG_WARN_BOOL_CONVERSION = YES;
				CLANG_WARN_COMMA = YES;
				CLANG_WARN_CONSTANT_CONVERSION = YES;
				CLANG_WARN_DIRECT_OBJC_ISA_USAGE = YES_ERROR;
				CLANG_WARN_DOCUMENTATION_COMMENTS = YES;
				CLANG_WARN_EMPTY_BODY = YES;
				CLANG_WARN_ENUM_CONVERSION = YES;
				CLANG_WARN_INFINITE_RECURSION = YES;
				CLANG_WARN_INT_CONVERSION = YES;
				CLANG_WARN_NON_LITERAL_NULL_CONVERSION = YES;
				CLANG_WARN_OBJC_LITERAL_CONVERSION = YES;
				CLANG_WARN_OBJC_ROOT_CLASS = YES_ERROR;
				CLANG_WARN_RANGE_LOOP_ANALYSIS = YES;
				CLANG_WARN_STRICT_PROTOTYPES = YES;
				CLANG_WARN_SUSPICIOUS_MOVE = YES;
				CLANG_WARN_UNGUARDED_AVAILABILITY = YES_AGGRESSIVE;
				CLANG_WARN_UNREACHABLE_CODE = YES;
				CLANG_WARN__DUPLICATE_METHOD_MATCH = YES;
				CODE_SIGN_IDENTITY = "iPhone Developer";
				COPY_PHASE_STRIP = NO;
				DEBUG_INFORMATION_FORMAT = dwarf;
				ENABLE_STRICT_OBJC_MSGSEND = YES;
				ENABLE_TESTABILITY = YES;
				GCC_C_LANGUAGE_STANDARD = gnu11;
				GCC_DYNAMIC_NO_PIC = NO;
				GCC_NO_COMMON_BLOCKS = YES;
				GCC_OPTIMIZATION_LEVEL = 0;
				GCC_PREPROCESSOR_DEFINITIONS = (
					"DEBUG=1",
					"$(inherited)",
				);
				GCC_WARN_64_TO_32_BIT_CONVERSION = YES;
				GCC_WARN_ABOUT_RETURN_TYPE = YES_ERROR;
				GCC_WARN_UNDECLARED_SELECTOR = YES;
				GCC_WARN_UNINITIALIZED_AUTOS = YES_AGGRESSIVE;
				GCC_WARN_UNUSED_FUNCTION = YES;
				GCC_WARN_UNUSED_VARIABLE = YES;
				IPHONEOS_DEPLOYMENT_TARGET = 11.1;
				MTL_ENABLE_DEBUG_INFO = YES;
				ONLY_ACTIVE_ARCH = YES;
				SDKROOT = iphoneos;
				SWIFT_ACTIVE_COMPILATION_CONDITIONS = DEBUG;
				SWIFT_OPTIMIZATION_LEVEL = "-Onone";
			};
			name = Debug;
		};
		F7F7CCF11FC7AC6C00826C39 /* Release */ = {
			isa = XCBuildConfiguration;
			buildSettings = {
				ALWAYS_SEARCH_USER_PATHS = NO;
				CLANG_ANALYZER_NONNULL = YES;
				CLANG_ANALYZER_NUMBER_OBJECT_CONVERSION = YES_AGGRESSIVE;
				CLANG_CXX_LANGUAGE_STANDARD = "gnu++14";
				CLANG_CXX_LIBRARY = "libc++";
				CLANG_ENABLE_MODULES = YES;
				CLANG_ENABLE_OBJC_ARC = YES;
				CLANG_WARN_BLOCK_CAPTURE_AUTORELEASING = YES;
				CLANG_WARN_BOOL_CONVERSION = YES;
				CLANG_WARN_COMMA = YES;
				CLANG_WARN_CONSTANT_CONVERSION = YES;
				CLANG_WARN_DIRECT_OBJC_ISA_USAGE = YES_ERROR;
				CLANG_WARN_DOCUMENTATION_COMMENTS = YES;
				CLANG_WARN_EMPTY_BODY = YES;
				CLANG_WARN_ENUM_CONVERSION = YES;
				CLANG_WARN_INFINITE_RECURSION = YES;
				CLANG_WARN_INT_CONVERSION = YES;
				CLANG_WARN_NON_LITERAL_NULL_CONVERSION = YES;
				CLANG_WARN_OBJC_LITERAL_CONVERSION = YES;
				CLANG_WARN_OBJC_ROOT_CLASS = YES_ERROR;
				CLANG_WARN_RANGE_LOOP_ANALYSIS = YES;
				CLANG_WARN_STRICT_PROTOTYPES = YES;
				CLANG_WARN_SUSPICIOUS_MOVE = YES;
				CLANG_WARN_UNGUARDED_AVAILABILITY = YES_AGGRESSIVE;
				CLANG_WARN_UNREACHABLE_CODE = YES;
				CLANG_WARN__DUPLICATE_METHOD_MATCH = YES;
				CODE_SIGN_IDENTITY = "iPhone Developer";
				COPY_PHASE_STRIP = NO;
				DEBUG_INFORMATION_FORMAT = "dwarf-with-dsym";
				ENABLE_NS_ASSERTIONS = NO;
				ENABLE_STRICT_OBJC_MSGSEND = YES;
				GCC_C_LANGUAGE_STANDARD = gnu11;
				GCC_NO_COMMON_BLOCKS = YES;
				GCC_WARN_64_TO_32_BIT_CONVERSION = YES;
				GCC_WARN_ABOUT_RETURN_TYPE = YES_ERROR;
				GCC_WARN_UNDECLARED_SELECTOR = YES;
				GCC_WARN_UNINITIALIZED_AUTOS = YES_AGGRESSIVE;
				GCC_WARN_UNUSED_FUNCTION = YES;
				GCC_WARN_UNUSED_VARIABLE = YES;
				IPHONEOS_DEPLOYMENT_TARGET = 11.1;
				MTL_ENABLE_DEBUG_INFO = NO;
				SDKROOT = iphoneos;
				SWIFT_OPTIMIZATION_LEVEL = "-Owholemodule";
				VALIDATE_PRODUCT = YES;
			};
			name = Release;
		};
		F7F7CCF31FC7AC6C00826C39 /* Debug */ = {
			isa = XCBuildConfiguration;
			baseConfigurationReference = CA9CDF21F5423AF01DA2144F /* Pods-基本UI控件的使用.debug.xcconfig */;
			buildSettings = {
				ASSETCATALOG_COMPILER_APPICON_NAME = AppIcon;
				CODE_SIGN_STYLE = Automatic;
				INFOPLIST_FILE = "基本UI控件的使用/Info.plist";
				LD_RUNPATH_SEARCH_PATHS = "$(inherited) @executable_path/Frameworks";
				PRODUCT_BUNDLE_IDENTIFIER = "dingdongqb.com.--UI-----";
				PRODUCT_NAME = "$(TARGET_NAME)";
				SWIFT_VERSION = 4.0;
				TARGETED_DEVICE_FAMILY = "1,2";
			};
			name = Debug;
		};
		F7F7CCF41FC7AC6C00826C39 /* Release */ = {
			isa = XCBuildConfiguration;
			baseConfigurationReference = 5CCBA36F17B47EF8254082DB /* Pods-基本UI控件的使用.release.xcconfig */;
			buildSettings = {
				ASSETCATALOG_COMPILER_APPICON_NAME = AppIcon;
				CODE_SIGN_STYLE = Automatic;
				INFOPLIST_FILE = "基本UI控件的使用/Info.plist";
				LD_RUNPATH_SEARCH_PATHS = "$(inherited) @executable_path/Frameworks";
				PRODUCT_BUNDLE_IDENTIFIER = "dingdongqb.com.--UI-----";
				PRODUCT_NAME = "$(TARGET_NAME)";
				SWIFT_VERSION = 4.0;
				TARGETED_DEVICE_FAMILY = "1,2";
			};
			name = Release;
		};
/* End XCBuildConfiguration section */

/* Begin XCConfigurationList section */
		F7F7CCDB1FC7AC6C00826C39 /* Build configuration list for PBXProject "基本UI控件的使用" */ = {
			isa = XCConfigurationList;
			buildConfigurations = (
				F7F7CCF01FC7AC6C00826C39 /* Debug */,
				F7F7CCF11FC7AC6C00826C39 /* Release */,
			);
			defaultConfigurationIsVisible = 0;
			defaultConfigurationName = Release;
		};
		F7F7CCF21FC7AC6C00826C39 /* Build configuration list for PBXNativeTarget "基本UI控件的使用" */ = {
			isa = XCConfigurationList;
			buildConfigurations = (
				F7F7CCF31FC7AC6C00826C39 /* Debug */,
				F7F7CCF41FC7AC6C00826C39 /* Release */,
			);
			defaultConfigurationIsVisible = 0;
			defaultConfigurationName = Release;
		};
/* End XCConfigurationList section */
	};
	rootObject = F7F7CCD81FC7AC6C00826C39 /* Project object */;
}
