// !$*UTF8*$!
{
	archiveVersion = 1;
	classes = {
	};
	objectVersion = 48;
	objects = {

/* Begin PBXBuildFile section */
		16188DBAC2182342C2959D6F /* Pods_LoginWithMVVM.framework in Frameworks */ = {isa = PBXBuildFile; fileRef = 082BED5C7358697FF32CE88D /* Pods_LoginWithMVVM.framework */; };
		F72ABDA31FC8093A00C2EB8D /* RegisterViewModel.swift in Sources */ = {isa = PBXBuildFile; fileRef = F72ABDA21FC8093A00C2EB8D /* RegisterViewModel.swift */; };
		F73502771FCBDA45007C656A /* TableViewController.swift in Sources */ = {isa = PBXBuildFile; fileRef = F73502761FCBDA45007C656A /* TableViewController.swift */; };
		F73502791FCBDA50007C656A /* TableViewController.xib in Resources */ = {isa = PBXBuildFile; fileRef = F73502781FCBDA50007C656A /* TableViewController.xib */; };
		F735027B1FCBDEB5007C656A /* heros.plist in Resources */ = {isa = PBXBuildFile; fileRef = F735027A1FCBDEB5007C656A /* heros.plist */; };
		F735027D1FCBE218007C656A /* Heros.swift in Sources */ = {isa = PBXBuildFile; fileRef = F735027C1FCBE218007C656A /* Heros.swift */; };
		F735027F1FCBE257007C656A /* HeroService.swift in Sources */ = {isa = PBXBuildFile; fileRef = F735027E1FCBE257007C656A /* HeroService.swift */; };
		F73502811FCBE2E8007C656A /* HeroViewModel.swift in Sources */ = {isa = PBXBuildFile; fileRef = F73502801FCBE2E8007C656A /* HeroViewModel.swift */; };
		F74930451FCBAA9E0086DDFD /* loginViewModel.swift in Sources */ = {isa = PBXBuildFile; fileRef = F74930441FCBAA9E0086DDFD /* loginViewModel.swift */; };
		F7EDE8B41FC7F22B0047AE99 /* AppDelegate.swift in Sources */ = {isa = PBXBuildFile; fileRef = F7EDE8B31FC7F22B0047AE99 /* AppDelegate.swift */; };
		F7EDE8B91FC7F22B0047AE99 /* Main.storyboard in Resources */ = {isa = PBXBuildFile; fileRef = F7EDE8B71FC7F22B0047AE99 /* Main.storyboard */; };
		F7EDE8BB1FC7F22B0047AE99 /* Assets.xcassets in Resources */ = {isa = PBXBuildFile; fileRef = F7EDE8BA1FC7F22B0047AE99 /* Assets.xcassets */; };
		F7EDE8BE1FC7F22B0047AE99 /* LaunchScreen.storyboard in Resources */ = {isa = PBXBuildFile; fileRef = F7EDE8BC1FC7F22B0047AE99 /* LaunchScreen.storyboard */; };
		F7EDE8CA1FC7F2D70047AE99 /* LoginViewController.swift in Sources */ = {isa = PBXBuildFile; fileRef = F7EDE8C91FC7F2D70047AE99 /* LoginViewController.swift */; };
		F7EDE8CC1FC7F68C0047AE99 /* RegisterViewController.swift in Sources */ = {isa = PBXBuildFile; fileRef = F7EDE8CB1FC7F68C0047AE99 /* RegisterViewController.swift */; };
		F7EDE8CE1FC7F69A0047AE99 /* RegisterViewController.xib in Resources */ = {isa = PBXBuildFile; fileRef = F7EDE8CD1FC7F69A0047AE99 /* RegisterViewController.xib */; };
		F7EDE8D01FC7FF950047AE99 /* Service.swift in Sources */ = {isa = PBXBuildFile; fileRef = F7EDE8CF1FC7FF950047AE99 /* Service.swift */; };
		F7EDE8D21FC800A30047AE99 /* Protocol.swift in Sources */ = {isa = PBXBuildFile; fileRef = F7EDE8D11FC800A30047AE99 /* Protocol.swift */; };
/* End PBXBuildFile section */

/* Begin PBXFileReference section */
		082BED5C7358697FF32CE88D /* Pods_LoginWithMVVM.framework */ = {isa = PBXFileReference; explicitFileType = wrapper.framework; includeInIndex = 0; path = Pods_LoginWithMVVM.framework; sourceTree = BUILT_PRODUCTS_DIR; };
		2AC428A4607E615BB9B95F0A /* Pods-LoginWithMVVM.debug.xcconfig */ = {isa = PBXFileReference; includeInIndex = 1; lastKnownFileType = text.xcconfig; name = "Pods-LoginWithMVVM.debug.xcconfig"; path = "Pods/Target Support Files/Pods-LoginWithMVVM/Pods-LoginWithMVVM.debug.xcconfig"; sourceTree = "<group>"; };
		3EF4A8EBFB764FD34A62215E /* Pods-LoginWithMVVM.release.xcconfig */ = {isa = PBXFileReference; includeInIndex = 1; lastKnownFileType = text.xcconfig; name = "Pods-LoginWithMVVM.release.xcconfig"; path = "Pods/Target Support Files/Pods-LoginWithMVVM/Pods-LoginWithMVVM.release.xcconfig"; sourceTree = "<group>"; };
		F72ABDA21FC8093A00C2EB8D /* RegisterViewModel.swift */ = {isa = PBXFileReference; lastKnownFileType = sourcecode.swift; path = RegisterViewModel.swift; sourceTree = "<group>"; };
		F73502761FCBDA45007C656A /* TableViewController.swift */ = {isa = PBXFileReference; lastKnownFileType = sourcecode.swift; path = TableViewController.swift; sourceTree = "<group>"; };
		F73502781FCBDA50007C656A /* TableViewController.xib */ = {isa = PBXFileReference; lastKnownFileType = file.xib; path = TableViewController.xib; sourceTree = "<group>"; };
		F735027A1FCBDEB5007C656A /* heros.plist */ = {isa = PBXFileReference; fileEncoding = 4; lastKnownFileType = text.plist.xml; path = heros.plist; sourceTree = "<group>"; };
		F735027C1FCBE218007C656A /* Heros.swift */ = {isa = PBXFileReference; lastKnownFileType = sourcecode.swift; path = Heros.swift; sourceTree = "<group>"; };
		F735027E1FCBE257007C656A /* HeroService.swift */ = {isa = PBXFileReference; lastKnownFileType = sourcecode.swift; path = HeroService.swift; sourceTree = "<group>"; };
		F73502801FCBE2E8007C656A /* HeroViewModel.swift */ = {isa = PBXFileReference; lastKnownFileType = sourcecode.swift; path = HeroViewModel.swift; sourceTree = "<group>"; };
		F74930441FCBAA9E0086DDFD /* loginViewModel.swift */ = {isa = PBXFileReference; lastKnownFileType = sourcecode.swift; path = loginViewModel.swift; sourceTree = "<group>"; };
		F7EDE8B01FC7F22B0047AE99 /* LoginWithMVVM.app */ = {isa = PBXFileReference; explicitFileType = wrapper.application; includeInIndex = 0; path = LoginWithMVVM.app; sourceTree = BUILT_PRODUCTS_DIR; };
		F7EDE8B31FC7F22B0047AE99 /* AppDelegate.swift */ = {isa = PBXFileReference; lastKnownFileType = sourcecode.swift; path = AppDelegate.swift; sourceTree = "<group>"; };
		F7EDE8B81FC7F22B0047AE99 /* Base */ = {isa = PBXFileReference; lastKnownFileType = file.storyboard; name = Base; path = Base.lproj/Main.storyboard; sourceTree = "<group>"; };
		F7EDE8BA1FC7F22B0047AE99 /* Assets.xcassets */ = {isa = PBXFileReference; lastKnownFileType = folder.assetcatalog; path = Assets.xcassets; sourceTree = "<group>"; };
		F7EDE8BD1FC7F22B0047AE99 /* Base */ = {isa = PBXFileReference; lastKnownFileType = file.storyboard; name = Base; path = Base.lproj/LaunchScreen.storyboard; sourceTree = "<group>"; };
		F7EDE8BF1FC7F22B0047AE99 /* Info.plist */ = {isa = PBXFileReference; lastKnownFileType = text.plist.xml; path = Info.plist; sourceTree = "<group>"; };
		F7EDE8C91FC7F2D70047AE99 /* LoginViewController.swift */ = {isa = PBXFileReference; lastKnownFileType = sourcecode.swift; path = LoginViewController.swift; sourceTree = "<group>"; };
		F7EDE8CB1FC7F68C0047AE99 /* RegisterViewController.swift */ = {isa = PBXFileReference; lastKnownFileType = sourcecode.swift; path = RegisterViewController.swift; sourceTree = "<group>"; };
		F7EDE8CD1FC7F69A0047AE99 /* RegisterViewController.xib */ = {isa = PBXFileReference; lastKnownFileType = file.xib; path = RegisterViewController.xib; sourceTree = "<group>"; };
		F7EDE8CF1FC7FF950047AE99 /* Service.swift */ = {isa = PBXFileReference; lastKnownFileType = sourcecode.swift; path = Service.swift; sourceTree = "<group>"; };
		F7EDE8D11FC800A30047AE99 /* Protocol.swift */ = {isa = PBXFileReference; lastKnownFileType = sourcecode.swift; path = Protocol.swift; sourceTree = "<group>"; };
/* End PBXFileReference section */

/* Begin PBXFrameworksBuildPhase section */
		F7EDE8AD1FC7F22B0047AE99 /* Frameworks */ = {
			isa = PBXFrameworksBuildPhase;
			buildActionMask = 2147483647;
			files = (
				16188DBAC2182342C2959D6F /* Pods_LoginWithMVVM.framework in Frameworks */,
			);
			runOnlyForDeploymentPostprocessing = 0;
		};
/* End PBXFrameworksBuildPhase section */

/* Begin PBXGroup section */
		4A69DBE6E5A3475C69771070 /* Pods */ = {
			isa = PBXGroup;
			children = (
				2AC428A4607E615BB9B95F0A /* Pods-LoginWithMVVM.debug.xcconfig */,
				3EF4A8EBFB764FD34A62215E /* Pods-LoginWithMVVM.release.xcconfig */,
			);
			name = Pods;
			sourceTree = "<group>";
		};
		F7EDE8A71FC7F22B0047AE99 = {
			isa = PBXGroup;
			children = (
				F7EDE8B21FC7F22B0047AE99 /* LoginWithMVVM */,
				F7EDE8B11FC7F22B0047AE99 /* Products */,
				4A69DBE6E5A3475C69771070 /* Pods */,
				FEA7B3D96594EE7980317F34 /* Frameworks */,
			);
			sourceTree = "<group>";
		};
		F7EDE8B11FC7F22B0047AE99 /* Products */ = {
			isa = PBXGroup;
			children = (
				F7EDE8B01FC7F22B0047AE99 /* LoginWithMVVM.app */,
			);
			name = Products;
			sourceTree = "<group>";
		};
		F7EDE8B21FC7F22B0047AE99 /* LoginWithMVVM */ = {
			isa = PBXGroup;
			children = (
				F7EDE8C81FC7F2910047AE99 /* Tools */,
				F7EDE8C71FC7F2810047AE99 /* ViewModel */,
				F7EDE8C61FC7F2780047AE99 /* Model */,
				F7EDE8C51FC7F26F0047AE99 /* Controller */,
				F7EDE8B31FC7F22B0047AE99 /* AppDelegate.swift */,
				F7EDE8B71FC7F22B0047AE99 /* Main.storyboard */,
				F7EDE8BA1FC7F22B0047AE99 /* Assets.xcassets */,
				F7EDE8BC1FC7F22B0047AE99 /* LaunchScreen.storyboard */,
				F7EDE8BF1FC7F22B0047AE99 /* Info.plist */,
			);
			path = LoginWithMVVM;
			sourceTree = "<group>";
		};
		F7EDE8C51FC7F26F0047AE99 /* Controller */ = {
			isa = PBXGroup;
			children = (
				F7EDE8C91FC7F2D70047AE99 /* LoginViewController.swift */,
				F7EDE8CB1FC7F68C0047AE99 /* RegisterViewController.swift */,
				F7EDE8CD1FC7F69A0047AE99 /* RegisterViewController.xib */,
				F73502761FCBDA45007C656A /* TableViewController.swift */,
				F73502781FCBDA50007C656A /* TableViewController.xib */,
			);
			path = Controller;
			sourceTree = "<group>";
		};
		F7EDE8C61FC7F2780047AE99 /* Model */ = {
			isa = PBXGroup;
			children = (
				F735027C1FCBE218007C656A /* Heros.swift */,
			);
			path = Model;
			sourceTree = "<group>";
		};
		F7EDE8C71FC7F2810047AE99 /* ViewModel */ = {
			isa = PBXGroup;
			children = (
				F72ABDA21FC8093A00C2EB8D /* RegisterViewModel.swift */,
				F74930441FCBAA9E0086DDFD /* loginViewModel.swift */,
				F73502801FCBE2E8007C656A /* HeroViewModel.swift */,
			);
			path = ViewModel;
			sourceTree = "<group>";
		};
		F7EDE8C81FC7F2910047AE99 /* Tools */ = {
			isa = PBXGroup;
			children = (
				F735027A1FCBDEB5007C656A /* heros.plist */,
				F7EDE8CF1FC7FF950047AE99 /* Service.swift */,
				F7EDE8D11FC800A30047AE99 /* Protocol.swift */,
				F735027E1FCBE257007C656A /* HeroService.swift */,
			);
			path = Tools;
			sourceTree = "<group>";
		};
		FEA7B3D96594EE7980317F34 /* Frameworks */ = {
			isa = PBXGroup;
			children = (
				082BED5C7358697FF32CE88D /* Pods_LoginWithMVVM.framework */,
			);
			name = Frameworks;
			sourceTree = "<group>";
		};
/* End PBXGroup section */

/* Begin PBXNativeTarget section */
		F7EDE8AF1FC7F22B0047AE99 /* LoginWithMVVM */ = {
			isa = PBXNativeTarget;
			buildConfigurationList = F7EDE8C21FC7F22B0047AE99 /* Build configuration list for PBXNativeTarget "LoginWithMVVM" */;
			buildPhases = (
				DFFB50BFEB6F207800FED6B3 /* [CP] Check Pods Manifest.lock */,
				F7EDE8AC1FC7F22B0047AE99 /* Sources */,
				F7EDE8AD1FC7F22B0047AE99 /* Frameworks */,
				F7EDE8AE1FC7F22B0047AE99 /* Resources */,
				B0429FA39D9BE73F95ED2A08 /* [CP] Embed Pods Frameworks */,
				C97732633EB7F5E59C69661B /* [CP] Copy Pods Resources */,
			);
			buildRules = (
			);
			dependencies = (
			);
			name = LoginWithMVVM;
			productName = LoginWithMVVM;
			productReference = F7EDE8B01FC7F22B0047AE99 /* LoginWithMVVM.app */;
			productType = "com.apple.product-type.application";
		};
/* End PBXNativeTarget section */

/* Begin PBXProject section */
		F7EDE8A81FC7F22B0047AE99 /* Project object */ = {
			isa = PBXProject;
			attributes = {
				LastSwiftUpdateCheck = 0910;
				LastUpgradeCheck = 0910;
				ORGANIZATIONNAME = leo;
				TargetAttributes = {
					F7EDE8AF1FC7F22B0047AE99 = {
						CreatedOnToolsVersion = 9.1;
						ProvisioningStyle = Automatic;
					};
				};
			};
			buildConfigurationList = F7EDE8AB1FC7F22B0047AE99 /* Build configuration list for PBXProject "LoginWithMVVM" */;
			compatibilityVersion = "Xcode 8.0";
			developmentRegion = en;
			hasScannedForEncodings = 0;
			knownRegions = (
				en,
				Base,
			);
			mainGroup = F7EDE8A71FC7F22B0047AE99;
			productRefGroup = F7EDE8B11FC7F22B0047AE99 /* Products */;
			projectDirPath = "";
			projectRoot = "";
			targets = (
				F7EDE8AF1FC7F22B0047AE99 /* LoginWithMVVM */,
			);
		};
/* End PBXProject section */

/* Begin PBXResourcesBuildPhase section */
		F7EDE8AE1FC7F22B0047AE99 /* Resources */ = {
			isa = PBXResourcesBuildPhase;
			buildActionMask = 2147483647;
			files = (
				F7EDE8BE1FC7F22B0047AE99 /* LaunchScreen.storyboard in Resources */,
				F7EDE8BB1FC7F22B0047AE99 /* Assets.xcassets in Resources */,
				F735027B1FCBDEB5007C656A /* heros.plist in Resources */,
				F7EDE8B91FC7F22B0047AE99 /* Main.storyboard in Resources */,
				F73502791FCBDA50007C656A /* TableViewController.xib in Resources */,
				F7EDE8CE1FC7F69A0047AE99 /* RegisterViewController.xib in Resources */,
			);
			runOnlyForDeploymentPostprocessing = 0;
		};
/* End PBXResourcesBuildPhase section */

/* Begin PBXShellScriptBuildPhase section */
		B0429FA39D9BE73F95ED2A08 /* [CP] Embed Pods Frameworks */ = {
			isa = PBXShellScriptBuildPhase;
			buildActionMask = 2147483647;
			files = (
			);
			inputPaths = (
				"${SRCROOT}/Pods/Target Support Files/Pods-LoginWithMVVM/Pods-LoginWithMVVM-frameworks.sh",
				"${BUILT_PRODUCTS_DIR}/RxCocoa/RxCocoa.framework",
				"${BUILT_PRODUCTS_DIR}/RxSwift/RxSwift.framework",
			);
			name = "[CP] Embed Pods Frameworks";
			outputPaths = (
				"${TARGET_BUILD_DIR}/${FRAMEWORKS_FOLDER_PATH}/RxCocoa.framework",
				"${TARGET_BUILD_DIR}/${FRAMEWORKS_FOLDER_PATH}/RxSwift.framework",
			);
			runOnlyForDeploymentPostprocessing = 0;
			shellPath = /bin/sh;
			shellScript = "\"${SRCROOT}/Pods/Target Support Files/Pods-LoginWithMVVM/Pods-LoginWithMVVM-frameworks.sh\"\n";
			showEnvVarsInLog = 0;
		};
		C97732633EB7F5E59C69661B /* [CP] Copy Pods Resources */ = {
			isa = PBXShellScriptBuildPhase;
			buildActionMask = 2147483647;
			files = (
			);
			inputPaths = (
			);
			name = "[CP] Copy Pods Resources";
			outputPaths = (
			);
			runOnlyForDeploymentPostprocessing = 0;
			shellPath = /bin/sh;
			shellScript = "\"${SRCROOT}/Pods/Target Support Files/Pods-LoginWithMVVM/Pods-LoginWithMVVM-resources.sh\"\n";
			showEnvVarsInLog = 0;
		};
		DFFB50BFEB6F207800FED6B3 /* [CP] Check Pods Manifest.lock */ = {
			isa = PBXShellScriptBuildPhase;
			buildActionMask = 2147483647;
			files = (
			);
			inputPaths = (
				"${PODS_PODFILE_DIR_PATH}/Podfile.lock",
				"${PODS_ROOT}/Manifest.lock",
			);
			name = "[CP] Check Pods Manifest.lock";
			outputPaths = (
				"$(DERIVED_FILE_DIR)/Pods-LoginWithMVVM-checkManifestLockResult.txt",
			);
			runOnlyForDeploymentPostprocessing = 0;
			shellPath = /bin/sh;
			shellScript = "diff \"${PODS_PODFILE_DIR_PATH}/Podfile.lock\" \"${PODS_ROOT}/Manifest.lock\" > /dev/null\nif [ $? != 0 ] ; then\n    # print error to STDERR\n    echo \"error: The sandbox is not in sync with the Podfile.lock. Run 'pod install' or update your CocoaPods installation.\" >&2\n    exit 1\nfi\n# This output is used by Xcode 'outputs' to avoid re-running this script phase.\necho \"SUCCESS\" > \"${SCRIPT_OUTPUT_FILE_0}\"\n";
			showEnvVarsInLog = 0;
		};
/* End PBXShellScriptBuildPhase section */

/* Begin PBXSourcesBuildPhase section */
		F7EDE8AC1FC7F22B0047AE99 /* Sources */ = {
			isa = PBXSourcesBuildPhase;
			buildActionMask = 2147483647;
			files = (
				F7EDE8CC1FC7F68C0047AE99 /* RegisterViewController.swift in Sources */,
				F73502811FCBE2E8007C656A /* HeroViewModel.swift in Sources */,
				F735027F1FCBE257007C656A /* HeroService.swift in Sources */,
				F72ABDA31FC8093A00C2EB8D /* RegisterViewModel.swift in Sources */,
				F74930451FCBAA9E0086DDFD /* loginViewModel.swift in Sources */,
				F73502771FCBDA45007C656A /* TableViewController.swift in Sources */,
				F7EDE8D01FC7FF950047AE99 /* Service.swift in Sources */,
				F7EDE8CA1FC7F2D70047AE99 /* LoginViewController.swift in Sources */,
				F7EDE8B41FC7F22B0047AE99 /* AppDelegate.swift in Sources */,
				F7EDE8D21FC800A30047AE99 /* Protocol.swift in Sources */,
				F735027D1FCBE218007C656A /* Heros.swift in Sources */,
			);
			runOnlyForDeploymentPostprocessing = 0;
		};
/* End PBXSourcesBuildPhase section */

/* Begin PBXVariantGroup section */
		F7EDE8B71FC7F22B0047AE99 /* Main.storyboard */ = {
			isa = PBXVariantGroup;
			children = (
				F7EDE8B81FC7F22B0047AE99 /* Base */,
			);
			name = Main.storyboard;
			sourceTree = "<group>";
		};
		F7EDE8BC1FC7F22B0047AE99 /* LaunchScreen.storyboard */ = {
			isa = PBXVariantGroup;
			children = (
				F7EDE8BD1FC7F22B0047AE99 /* Base */,
			);
			name = LaunchScreen.storyboard;
			sourceTree = "<group>";
		};
/* End PBXVariantGroup section */

/* Begin XCBuildConfiguration section */
		F7EDE8C01FC7F22B0047AE99 /* Debug */ = {
			isa = XCBuildConfiguration;
			buildSettings = {
				ALWAYS_SEARCH_USER_PATHS = NO;
				CLANG_ANALYZER_NONNULL = YES;
				CLANG_ANALYZER_NUMBER_OBJECT_CONVERSION = YES_AGGRESSIVE;
				CLANG_CXX_LANGUAGE_STANDARD = "gnu++14";
				CLANG_CXX_LIBRARY = "libc++";
				CLANG_ENABLE_MODULES = YES;
				CLANG_ENABLE_OBJC_ARC = YES;
				CLANG_WARN_BLOCK_CAPTURE_AUTORELEASING = YES;
				CLANG_WARN_BOOL_CONVERSION = YES;
				CLANG_WARN_COMMA = YES;
				CLANG_WARN_CONSTANT_CONVERSION = YES;
				CLANG_WARN_DIRECT_OBJC_ISA_USAGE = YES_ERROR;
				CLANG_WARN_DOCUMENTATION_COMMENTS = YES;
				CLANG_WARN_EMPTY_BODY = YES;
				CLANG_WARN_ENUM_CONVERSION = YES;
				CLANG_WARN_INFINITE_RECURSION = YES;
				CLANG_WARN_INT_CONVERSION = YES;
				CLANG_WARN_NON_LITERAL_NULL_CONVERSION = YES;
				CLANG_WARN_OBJC_LITERAL_CONVERSION = YES;
				CLANG_WARN_OBJC_ROOT_CLASS = YES_ERROR;
				CLANG_WARN_RANGE_LOOP_ANALYSIS = YES;
				CLANG_WARN_STRICT_PROTOTYPES = YES;
				CLANG_WARN_SUSPICIOUS_MOVE = YES;
				CLANG_WARN_UNGUARDED_AVAILABILITY = YES_AGGRESSIVE;
				CLANG_WARN_UNREACHABLE_CODE = YES;
				CLANG_WARN__DUPLICATE_METHOD_MATCH = YES;
				CODE_SIGN_IDENTITY = "iPhone Developer";
				COPY_PHASE_STRIP = NO;
				DEBUG_INFORMATION_FORMAT = dwarf;
				ENABLE_STRICT_OBJC_MSGSEND = YES;
				ENABLE_TESTABILITY = YES;
				GCC_C_LANGUAGE_STANDARD = gnu11;
				GCC_DYNAMIC_NO_PIC = NO;
				GCC_NO_COMMON_BLOCKS = YES;
				GCC_OPTIMIZATION_LEVEL = 0;
				GCC_PREPROCESSOR_DEFINITIONS = (
					"DEBUG=1",
					"$(inherited)",
				);
				GCC_WARN_64_TO_32_BIT_CONVERSION = YES;
				GCC_WARN_ABOUT_RETURN_TYPE = YES_ERROR;
				GCC_WARN_UNDECLARED_SELECTOR = YES;
				GCC_WARN_UNINITIALIZED_AUTOS = YES_AGGRESSIVE;
				GCC_WARN_UNUSED_FUNCTION = YES;
				GCC_WARN_UNUSED_VARIABLE = YES;
				IPHONEOS_DEPLOYMENT_TARGET = 11.1;
				MTL_ENABLE_DEBUG_INFO = YES;
				ONLY_ACTIVE_ARCH = YES;
				SDKROOT = iphoneos;
				SWIFT_ACTIVE_COMPILATION_CONDITIONS = DEBUG;
				SWIFT_OPTIMIZATION_LEVEL = "-Onone";
			};
			name = Debug;
		};
		F7EDE8C11FC7F22B0047AE99 /* Release */ = {
			isa = XCBuildConfiguration;
			buildSettings = {
				ALWAYS_SEARCH_USER_PATHS = NO;
				CLANG_ANALYZER_NONNULL = YES;
				CLANG_ANALYZER_NUMBER_OBJECT_CONVERSION = YES_AGGRESSIVE;
				CLANG_CXX_LANGUAGE_STANDARD = "gnu++14";
				CLANG_CXX_LIBRARY = "libc++";
				CLANG_ENABLE_MODULES = YES;
				CLANG_ENABLE_OBJC_ARC = YES;
				CLANG_WARN_BLOCK_CAPTURE_AUTORELEASING = YES;
				CLANG_WARN_BOOL_CONVERSION = YES;
				CLANG_WARN_COMMA = YES;
				CLANG_WARN_CONSTANT_CONVERSION = YES;
				CLANG_WARN_DIRECT_OBJC_ISA_USAGE = YES_ERROR;
				CLANG_WARN_DOCUMENTATION_COMMENTS = YES;
				CLANG_WARN_EMPTY_BODY = YES;
				CLANG_WARN_ENUM_CONVERSION = YES;
				CLANG_WARN_INFINITE_RECURSION = YES;
				CLANG_WARN_INT_CONVERSION = YES;
				CLANG_WARN_NON_LITERAL_NULL_CONVERSION = YES;
				CLANG_WARN_OBJC_LITERAL_CONVERSION = YES;
				CLANG_WARN_OBJC_ROOT_CLASS = YES_ERROR;
				CLANG_WARN_RANGE_LOOP_ANALYSIS = YES;
				CLANG_WARN_STRICT_PROTOTYPES = YES;
				CLANG_WARN_SUSPICIOUS_MOVE = YES;
				CLANG_WARN_UNGUARDED_AVAILABILITY = YES_AGGRESSIVE;
				CLANG_WARN_UNREACHABLE_CODE = YES;
				CLANG_WARN__DUPLICATE_METHOD_MATCH = YES;
				CODE_SIGN_IDENTITY = "iPhone Developer";
				COPY_PHASE_STRIP = NO;
				DEBUG_INFORMATION_FORMAT = "dwarf-with-dsym";
				ENABLE_NS_ASSERTIONS = NO;
				ENABLE_STRICT_OBJC_MSGSEND = YES;
				GCC_C_LANGUAGE_STANDARD = gnu11;
				GCC_NO_COMMON_BLOCKS = YES;
				GCC_WARN_64_TO_32_BIT_CONVERSION = YES;
				GCC_WARN_ABOUT_RETURN_TYPE = YES_ERROR;
				GCC_WARN_UNDECLARED_SELECTOR = YES;
				GCC_WARN_UNINITIALIZED_AUTOS = YES_AGGRESSIVE;
				GCC_WARN_UNUSED_FUNCTION = YES;
				GCC_WARN_UNUSED_VARIABLE = YES;
				IPHONEOS_DEPLOYMENT_TARGET = 11.1;
				MTL_ENABLE_DEBUG_INFO = NO;
				SDKROOT = iphoneos;
				SWIFT_OPTIMIZATION_LEVEL = "-Owholemodule";
				VALIDATE_PRODUCT = YES;
			};
			name = Release;
		};
		F7EDE8C31FC7F22B0047AE99 /* Debug */ = {
			isa = XCBuildConfiguration;
			baseConfigurationReference = 2AC428A4607E615BB9B95F0A /* Pods-LoginWithMVVM.debug.xcconfig */;
			buildSettings = {
				ASSETCATALOG_COMPILER_APPICON_NAME = AppIcon;
				CODE_SIGN_STYLE = Automatic;
				INFOPLIST_FILE = LoginWithMVVM/Info.plist;
				LD_RUNPATH_SEARCH_PATHS = "$(inherited) @executable_path/Frameworks";
				PRODUCT_BUNDLE_IDENTIFIER = dingdongqb.com.LoginWithMVVM;
				PRODUCT_NAME = "$(TARGET_NAME)";
				SWIFT_VERSION = 4.0;
				TARGETED_DEVICE_FAMILY = "1,2";
			};
			name = Debug;
		};
		F7EDE8C41FC7F22B0047AE99 /* Release */ = {
			isa = XCBuildConfiguration;
			baseConfigurationReference = 3EF4A8EBFB764FD34A62215E /* Pods-LoginWithMVVM.release.xcconfig */;
			buildSettings = {
				ASSETCATALOG_COMPILER_APPICON_NAME = AppIcon;
				CODE_SIGN_STYLE = Automatic;
				INFOPLIST_FILE = LoginWithMVVM/Info.plist;
				LD_RUNPATH_SEARCH_PATHS = "$(inherited) @executable_path/Frameworks";
				PRODUCT_BUNDLE_IDENTIFIER = dingdongqb.com.LoginWithMVVM;
				PRODUCT_NAME = "$(TARGET_NAME)";
				SWIFT_VERSION = 4.0;
				TARGETED_DEVICE_FAMILY = "1,2";
			};
			name = Release;
		};
/* End XCBuildConfiguration section */

/* Begin XCConfigurationList section */
		F7EDE8AB1FC7F22B0047AE99 /* Build configuration list for PBXProject "LoginWithMVVM" */ = {
			isa = XCConfigurationList;
			buildConfigurations = (
				F7EDE8C01FC7F22B0047AE99 /* Debug */,
				F7EDE8C11FC7F22B0047AE99 /* Release */,
			);
			defaultConfigurationIsVisible = 0;
			defaultConfigurationName = Release;
		};
		F7EDE8C21FC7F22B0047AE99 /* Build configuration list for PBXNativeTarget "LoginWithMVVM" */ = {
			isa = XCConfigurationList;
			buildConfigurations = (
				F7EDE8C31FC7F22B0047AE99 /* Debug */,
				F7EDE8C41FC7F22B0047AE99 /* Release */,
			);
			defaultConfigurationIsVisible = 0;
			defaultConfigurationName = Release;
		};
/* End XCConfigurationList section */
	};
	rootObject = F7EDE8A81FC7F22B0047AE99 /* Project object */;
}
